
Microsoft Visual Studio Solution File, Format Version 12.00
# Visual Studio Version 16
VisualStudioVersion = 16.0.31911.196
MinimumVisualStudioVersion = 10.0.40219.1
Project("{9A19103F-16F7-4668-BE54-9A1E7A4F7556}") = "ChatApp", "ChatApp\ChatApp.csproj", "{F8D4E927-4D3C-42E5-A32C-6A96BDEC066F}"
EndProject
Global
	GlobalSection(SolutionConfigurationPlatforms) = preSolution
		Debug|Any CPU = Debug|Any CPU
		Release|Any CPU = Release|Any CPU
	EndGlobalSection
	GlobalSection(ProjectConfigurationPlatforms) = postSolution
		{F8D4E927-4D3C-42E5-A32C-6A96BDEC066F}.Debug|Any CPU.ActiveCfg = Debug|Any CPU
		{F8D4E927-4D3C-42E5-A32C-6A96BDEC066F}.Debug|Any CPU.Build.0 = Debug|Any CPU
		{F8D4E927-4D3C-42E5-A32C-6A96BDEC066F}.Release|Any CPU.ActiveCfg = Release|Any CPU
		{F8D4E927-4D3C-42E5-A32C-6A96BDEC066F}.Release|Any CPU.Build.0 = Release|Any CPU
	EndGlobalSection
	GlobalSection(SolutionProperties) = preSolution
		HideSolutionNode = FALSE
	EndGlobalSection
	GlobalSection(ExtensibilityGlobals) = postSolution
		SolutionGuid = {82B19339-D8CF-4B23-BB8B-288964239160}
	EndGlobalSection
EndGlobal
